// !$*UTF8*$!
{
	archiveVersion = 1;
	classes = {
	};
	objectVersion = 60;
	objects = {

/* Begin PBXBuildFile section */
		7590BCC22B0965410098B527 /* Fact.swift in Sources */ = {isa = PBXBuildFile; fileRef = 7590BCC12B0965410098B527 /* Fact.swift */; };
		7590BCC72B09687F0098B527 /* MainTabBarViewController.swift in Sources */ = {isa = PBXBuildFile; fileRef = 7590BCC62B09687F0098B527 /* MainTabBarViewController.swift */; };
		7590BCCA2B096AA60098B527 /* BreedViewController.swift in Sources */ = {isa = PBXBuildFile; fileRef = 7590BCC92B096AA60098B527 /* BreedViewController.swift */; };
		7590BCCD2B0983AE0098B527 /* APIService.swift in Sources */ = {isa = PBXBuildFile; fileRef = 7590BCCC2B0983AE0098B527 /* APIService.swift */; };
		7590BCD02B0A4F850098B527 /* MainPageViewModel.swift in Sources */ = {isa = PBXBuildFile; fileRef = 7590BCCF2B0A4F850098B527 /* MainPageViewModel.swift */; };
		7590BCD32B0A78660098B527 /* RotatingImageView.swift in Sources */ = {isa = PBXBuildFile; fileRef = 7590BCD22B0A78660098B527 /* RotatingImageView.swift */; };
		7590BCD62B0A948B0098B527 /* Networking in Frameworks */ = {isa = PBXBuildFile; productRef = 7590BCD52B0A948B0098B527 /* Networking */; };
		759F25502B094ACD001B6022 /* AppDelegate.swift in Sources */ = {isa = PBXBuildFile; fileRef = 759F254F2B094ACD001B6022 /* AppDelegate.swift */; };
		759F25522B094ACD001B6022 /* SceneDelegate.swift in Sources */ = {isa = PBXBuildFile; fileRef = 759F25512B094ACD001B6022 /* SceneDelegate.swift */; };
		759F25542B094ACD001B6022 /* MainPageViewController.swift in Sources */ = {isa = PBXBuildFile; fileRef = 759F25532B094ACD001B6022 /* MainPageViewController.swift */; };
		759F25592B094ACE001B6022 /* Assets.xcassets in Resources */ = {isa = PBXBuildFile; fileRef = 759F25582B094ACE001B6022 /* Assets.xcassets */; };
/* End PBXBuildFile section */

/* Begin PBXFileReference section */
		7590BCC12B0965410098B527 /* Fact.swift */ = {isa = PBXFileReference; lastKnownFileType = sourcecode.swift; path = Fact.swift; sourceTree = "<group>"; };
		7590BCC62B09687F0098B527 /* MainTabBarViewController.swift */ = {isa = PBXFileReference; lastKnownFileType = sourcecode.swift; path = MainTabBarViewController.swift; sourceTree = "<group>"; };
		7590BCC92B096AA60098B527 /* BreedViewController.swift */ = {isa = PBXFileReference; lastKnownFileType = sourcecode.swift; path = BreedViewController.swift; sourceTree = "<group>"; };
		7590BCCC2B0983AE0098B527 /* APIService.swift */ = {isa = PBXFileReference; lastKnownFileType = sourcecode.swift; path = APIService.swift; sourceTree = "<group>"; };
		7590BCCF2B0A4F850098B527 /* MainPageViewModel.swift */ = {isa = PBXFileReference; lastKnownFileType = sourcecode.swift; path = MainPageViewModel.swift; sourceTree = "<group>"; };
		7590BCD22B0A78660098B527 /* RotatingImageView.swift */ = {isa = PBXFileReference; lastKnownFileType = sourcecode.swift; path = RotatingImageView.swift; sourceTree = "<group>"; };
		759F254C2B094ACD001B6022 /* spaceInfo.app */ = {isa = PBXFileReference; explicitFileType = wrapper.application; includeInIndex = 0; path = spaceInfo.app; sourceTree = BUILT_PRODUCTS_DIR; };
		759F254F2B094ACD001B6022 /* AppDelegate.swift */ = {isa = PBXFileReference; lastKnownFileType = sourcecode.swift; path = AppDelegate.swift; sourceTree = "<group>"; };
		759F25512B094ACD001B6022 /* SceneDelegate.swift */ = {isa = PBXFileReference; lastKnownFileType = sourcecode.swift; path = SceneDelegate.swift; sourceTree = "<group>"; };
		759F25532B094ACD001B6022 /* MainPageViewController.swift */ = {isa = PBXFileReference; lastKnownFileType = sourcecode.swift; path = MainPageViewController.swift; sourceTree = "<group>"; };
		759F25582B094ACE001B6022 /* Assets.xcassets */ = {isa = PBXFileReference; lastKnownFileType = folder.assetcatalog; path = Assets.xcassets; sourceTree = "<group>"; };
		759F255D2B094ACE001B6022 /* Info.plist */ = {isa = PBXFileReference; lastKnownFileType = text.plist.xml; path = Info.plist; sourceTree = "<group>"; };
/* End PBXFileReference section */

/* Begin PBXFrameworksBuildPhase section */
		759F25492B094ACD001B6022 /* Frameworks */ = {
			isa = PBXFrameworksBuildPhase;
			buildActionMask = 2147483647;
			files = (
				7590BCD62B0A948B0098B527 /* Networking in Frameworks */,
			);
			runOnlyForDeploymentPostprocessing = 0;
		};
/* End PBXFrameworksBuildPhase section */

/* Begin PBXGroup section */
		7590BCBA2B0956300098B527 /* Facts */ = {
			isa = PBXGroup;
			children = (
				7590BCBB2B0956660098B527 /* Model */,
				759F25532B094ACD001B6022 /* MainPageViewController.swift */,
				7590BCCF2B0A4F850098B527 /* MainPageViewModel.swift */,
			);
			path = Facts;
			sourceTree = "<group>";
		};
		7590BCBB2B0956660098B527 /* Model */ = {
			isa = PBXGroup;
			children = (
				7590BCC12B0965410098B527 /* Fact.swift */,
			);
			path = Model;
			sourceTree = "<group>";
		};
		7590BCC32B09681A0098B527 /* TabBar */ = {
			isa = PBXGroup;
			children = (
				7590BCC62B09687F0098B527 /* MainTabBarViewController.swift */,
			);
			path = TabBar;
			sourceTree = "<group>";
		};
		7590BCC82B096A7F0098B527 /* Breed */ = {
			isa = PBXGroup;
			children = (
				7590BCC92B096AA60098B527 /* BreedViewController.swift */,
			);
			path = Breed;
			sourceTree = "<group>";
		};
		7590BCCB2B097AA00098B527 /* Network */ = {
			isa = PBXGroup;
			children = (
				7590BCCC2B0983AE0098B527 /* APIService.swift */,
			);
			path = Network;
			sourceTree = "<group>";
		};
		7590BCD12B0A784C0098B527 /* Helpers */ = {
			isa = PBXGroup;
			children = (
				7590BCD22B0A78660098B527 /* RotatingImageView.swift */,
			);
			path = Helpers;
			sourceTree = "<group>";
		};
		759F25432B094ACD001B6022 = {
			isa = PBXGroup;
			children = (
				759F254E2B094ACD001B6022 /* spaceInfo */,
				759F254D2B094ACD001B6022 /* Products */,
			);
			sourceTree = "<group>";
		};
		759F254D2B094ACD001B6022 /* Products */ = {
			isa = PBXGroup;
			children = (
				759F254C2B094ACD001B6022 /* spaceInfo.app */,
			);
			name = Products;
			sourceTree = "<group>";
		};
		759F254E2B094ACD001B6022 /* spaceInfo */ = {
			isa = PBXGroup;
			children = (
				759F25632B094AD9001B6022 /* App */,
				759F25652B094AF4001B6022 /* Scenes */,
				7590BCCB2B097AA00098B527 /* Network */,
				7590BCD12B0A784C0098B527 /* Helpers */,
				759F25582B094ACE001B6022 /* Assets.xcassets */,
				759F255D2B094ACE001B6022 /* Info.plist */,
			);
			path = spaceInfo;
			sourceTree = "<group>";
		};
		759F25632B094AD9001B6022 /* App */ = {
			isa = PBXGroup;
			children = (
				759F254F2B094ACD001B6022 /* AppDelegate.swift */,
				759F25512B094ACD001B6022 /* SceneDelegate.swift */,
			);
			path = App;
			sourceTree = "<group>";
		};
		759F25652B094AF4001B6022 /* Scenes */ = {
			isa = PBXGroup;
			children = (
				7590BCC32B09681A0098B527 /* TabBar */,
				7590BCBA2B0956300098B527 /* Facts */,
				7590BCC82B096A7F0098B527 /* Breed */,
			);
			path = Scenes;
			sourceTree = "<group>";
		};
/* End PBXGroup section */

/* Begin PBXNativeTarget section */
		759F254B2B094ACD001B6022 /* spaceInfo */ = {
			isa = PBXNativeTarget;
			buildConfigurationList = 759F25602B094ACE001B6022 /* Build configuration list for PBXNativeTarget "spaceInfo" */;
			buildPhases = (
				759F25482B094ACD001B6022 /* Sources */,
				759F25492B094ACD001B6022 /* Frameworks */,
				759F254A2B094ACD001B6022 /* Resources */,
			);
			buildRules = (
			);
			dependencies = (
			);
			name = spaceInfo;
			packageProductDependencies = (
				7590BCD52B0A948B0098B527 /* Networking */,
			);
			productName = spaceInfo;
			productReference = 759F254C2B094ACD001B6022 /* spaceInfo.app */;
			productType = "com.apple.product-type.application";
		};
/* End PBXNativeTarget section */

/* Begin PBXProject section */
		759F25442B094ACD001B6022 /* Project object */ = {
			isa = PBXProject;
			attributes = {
				BuildIndependentTargetsInParallel = 1;
				LastSwiftUpdateCheck = 1500;
				LastUpgradeCheck = 1500;
				TargetAttributes = {
					759F254B2B094ACD001B6022 = {
						CreatedOnToolsVersion = 15.0.1;
					};
				};
			};
			buildConfigurationList = 759F25472B094ACD001B6022 /* Build configuration list for PBXProject "spaceInfo" */;
			compatibilityVersion = "Xcode 14.0";
			developmentRegion = en;
			hasScannedForEncodings = 0;
			knownRegions = (
				en,
				Base,
			);
			mainGroup = 759F25432B094ACD001B6022;
			packageReferences = (
				7590BCD42B0A948B0098B527 /* XCLocalSwiftPackageReference "../Networking" */,
			);
			productRefGroup = 759F254D2B094ACD001B6022 /* Products */;
			projectDirPath = "";
			projectRoot = "";
			targets = (
				759F254B2B094ACD001B6022 /* spaceInfo */,
			);
		};
/* End PBXProject section */

/* Begin PBXResourcesBuildPhase section */
		759F254A2B094ACD001B6022 /* Resources */ = {
			isa = PBXResourcesBuildPhase;
			buildActionMask = 2147483647;
			files = (
				759F25592B094ACE001B6022 /* Assets.xcassets in Resources */,
			);
			runOnlyForDeploymentPostprocessing = 0;
		};
/* End PBXResourcesBuildPhase section */

/* Begin PBXSourcesBuildPhase section */
		759F25482B094ACD001B6022 /* Sources */ = {
			isa = PBXSourcesBuildPhase;
			buildActionMask = 2147483647;
			files = (
				7590BCD32B0A78660098B527 /* RotatingImageView.swift in Sources */,
				7590BCD02B0A4F850098B527 /* MainPageViewModel.swift in Sources */,
				7590BCC72B09687F0098B527 /* MainTabBarViewController.swift in Sources */,
				7590BCCD2B0983AE0098B527 /* APIService.swift in Sources */,
				759F25542B094ACD001B6022 /* MainPageViewController.swift in Sources */,
				759F25502B094ACD001B6022 /* AppDelegate.swift in Sources */,
				759F25522B094ACD001B6022 /* SceneDelegate.swift in Sources */,
				7590BCC22B0965410098B527 /* Fact.swift in Sources */,
				7590BCCA2B096AA60098B527 /* BreedViewController.swift in Sources */,
			);
			runOnlyForDeploymentPostprocessing = 0;
		};
/* End PBXSourcesBuildPhase section */

/* Begin XCBuildConfiguration section */
		759F255E2B094ACE001B6022 /* Debug */ = {
			isa = XCBuildConfiguration;
			buildSettings = {
				ALWAYS_SEARCH_USER_PATHS = NO;
				ASSETCATALOG_COMPILER_GENERATE_SWIFT_ASSET_SYMBOL_EXTENSIONS = YES;
				CLANG_ANALYZER_NONNULL = YES;
				CLANG_ANALYZER_NUMBER_OBJECT_CONVERSION = YES_AGGRESSIVE;
				CLANG_CXX_LANGUAGE_STANDARD = "gnu++20";
				CLANG_ENABLE_MODULES = YES;
				CLANG_ENABLE_OBJC_ARC = YES;
				CLANG_ENABLE_OBJC_WEAK = YES;
				CLANG_WARN_BLOCK_CAPTURE_AUTORELEASING = YES;
				CLANG_WARN_BOOL_CONVERSION = YES;
				CLANG_WARN_COMMA = YES;
				CLANG_WARN_CONSTANT_CONVERSION = YES;
				CLANG_WARN_DEPRECATED_OBJC_IMPLEMENTATIONS = YES;
				CLANG_WARN_DIRECT_OBJC_ISA_USAGE = YES_ERROR;
				CLANG_WARN_DOCUMENTATION_COMMENTS = YES;
				CLANG_WARN_EMPTY_BODY = YES;
				CLANG_WARN_ENUM_CONVERSION = YES;
				CLANG_WARN_INFINITE_RECURSION = YES;
				CLANG_WARN_INT_CONVERSION = YES;
				CLANG_WARN_NON_LITERAL_NULL_CONVERSION = YES;
				CLANG_WARN_OBJC_IMPLICIT_RETAIN_SELF = YES;
				CLANG_WARN_OBJC_LITERAL_CONVERSION = YES;
				CLANG_WARN_OBJC_ROOT_CLASS = YES_ERROR;
				CLANG_WARN_QUOTED_INCLUDE_IN_FRAMEWORK_HEADER = YES;
				CLANG_WARN_RANGE_LOOP_ANALYSIS = YES;
				CLANG_WARN_STRICT_PROTOTYPES = YES;
				CLANG_WARN_SUSPICIOUS_MOVE = YES;
				CLANG_WARN_UNGUARDED_AVAILABILITY = YES_AGGRESSIVE;
				CLANG_WARN_UNREACHABLE_CODE = YES;
				CLANG_WARN__DUPLICATE_METHOD_MATCH = YES;
				COPY_PHASE_STRIP = NO;
				DEBUG_INFORMATION_FORMAT = dwarf;
				ENABLE_STRICT_OBJC_MSGSEND = YES;
				ENABLE_TESTABILITY = YES;
				ENABLE_USER_SCRIPT_SANDBOXING = YES;
				GCC_C_LANGUAGE_STANDARD = gnu17;
				GCC_DYNAMIC_NO_PIC = NO;
				GCC_NO_COMMON_BLOCKS = YES;
				GCC_OPTIMIZATION_LEVEL = 0;
				GCC_PREPROCESSOR_DEFINITIONS = (
					"DEBUG=1",
					"$(inherited)",
				);
				GCC_WARN_64_TO_32_BIT_CONVERSION = YES;
				GCC_WARN_ABOUT_RETURN_TYPE = YES_ERROR;
				GCC_WARN_UNDECLARED_SELECTOR = YES;
				GCC_WARN_UNINITIALIZED_AUTOS = YES_AGGRESSIVE;
				GCC_WARN_UNUSED_FUNCTION = YES;
				GCC_WARN_UNUSED_VARIABLE = YES;
				IPHONEOS_DEPLOYMENT_TARGET = 17.0;
				LOCALIZATION_PREFERS_STRING_CATALOGS = YES;
				MTL_ENABLE_DEBUG_INFO = INCLUDE_SOURCE;
				MTL_FAST_MATH = YES;
				ONLY_ACTIVE_ARCH = YES;
				SDKROOT = iphoneos;
				SWIFT_ACTIVE_COMPILATION_CONDITIONS = "DEBUG $(inherited)";
				SWIFT_OPTIMIZATION_LEVEL = "-Onone";
			};
			name = Debug;
		};
		759F255F2B094ACE001B6022 /* Release */ = {
			isa = XCBuildConfiguration;
			buildSettings = {
				ALWAYS_SEARCH_USER_PATHS = NO;
				ASSETCATALOG_COMPILER_GENERATE_SWIFT_ASSET_SYMBOL_EXTENSIONS = YES;
				CLANG_ANALYZER_NONNULL = YES;
				CLANG_ANALYZER_NUMBER_OBJECT_CONVERSION = YES_AGGRESSIVE;
				CLANG_CXX_LANGUAGE_STANDARD = "gnu++20";
				CLANG_ENABLE_MODULES = YES;
				CLANG_ENABLE_OBJC_ARC = YES;
				CLANG_ENABLE_OBJC_WEAK = YES;
				CLANG_WARN_BLOCK_CAPTURE_AUTORELEASING = YES;
				CLANG_WARN_BOOL_CONVERSION = YES;
				CLANG_WARN_COMMA = YES;
				CLANG_WARN_CONSTANT_CONVERSION = YES;
				CLANG_WARN_DEPRECATED_OBJC_IMPLEMENTATIONS = YES;
				CLANG_WARN_DIRECT_OBJC_ISA_USAGE = YES_ERROR;
				CLANG_WARN_DOCUMENTATION_COMMENTS = YES;
				CLANG_WARN_EMPTY_BODY = YES;
				CLANG_WARN_ENUM_CONVERSION = YES;
				CLANG_WARN_INFINITE_RECURSION = YES;
				CLANG_WARN_INT_CONVERSION = YES;
				CLANG_WARN_NON_LITERAL_NULL_CONVERSION = YES;
				CLANG_WARN_OBJC_IMPLICIT_RETAIN_SELF = YES;
				CLANG_WARN_OBJC_LITERAL_CONVERSION = YES;
				CLANG_WARN_OBJC_ROOT_CLASS = YES_ERROR;
				CLANG_WARN_QUOTED_INCLUDE_IN_FRAMEWORK_HEADER = YES;
				CLANG_WARN_RANGE_LOOP_ANALYSIS = YES;
				CLANG_WARN_STRICT_PROTOTYPES = YES;
				CLANG_WARN_SUSPICIOUS_MOVE = YES;
				CLANG_WARN_UNGUARDED_AVAILABILITY = YES_AGGRESSIVE;
				CLANG_WARN_UNREACHABLE_CODE = YES;
				CLANG_WARN__DUPLICATE_METHOD_MATCH = YES;
				COPY_PHASE_STRIP = NO;
				DEBUG_INFORMATION_FORMAT = "dwarf-with-dsym";
				ENABLE_NS_ASSERTIONS = NO;
				ENABLE_STRICT_OBJC_MSGSEND = YES;
				ENABLE_USER_SCRIPT_SANDBOXING = YES;
				GCC_C_LANGUAGE_STANDARD = gnu17;
				GCC_NO_COMMON_BLOCKS = YES;
				GCC_WARN_64_TO_32_BIT_CONVERSION = YES;
				GCC_WARN_ABOUT_RETURN_TYPE = YES_ERROR;
				GCC_WARN_UNDECLARED_SELECTOR = YES;
				GCC_WARN_UNINITIALIZED_AUTOS = YES_AGGRESSIVE;
				GCC_WARN_UNUSED_FUNCTION = YES;
				GCC_WARN_UNUSED_VARIABLE = YES;
				IPHONEOS_DEPLOYMENT_TARGET = 17.0;
				LOCALIZATION_PREFERS_STRING_CATALOGS = YES;
				MTL_ENABLE_DEBUG_INFO = NO;
				MTL_FAST_MATH = YES;
				SDKROOT = iphoneos;
				SWIFT_COMPILATION_MODE = wholemodule;
				VALIDATE_PRODUCT = YES;
			};
			name = Release;
		};
		759F25612B094ACE001B6022 /* Debug */ = {
			isa = XCBuildConfiguration;
			buildSettings = {
				ASSETCATALOG_COMPILER_APPICON_NAME = AppIcon;
				ASSETCATALOG_COMPILER_GLOBAL_ACCENT_COLOR_NAME = AccentColor;
				CODE_SIGN_STYLE = Automatic;
				CURRENT_PROJECT_VERSION = 1;
				GENERATE_INFOPLIST_FILE = YES;
				INFOPLIST_FILE = spaceInfo/Info.plist;
				INFOPLIST_KEY_UIApplicationSupportsIndirectInputEvents = YES;
				INFOPLIST_KEY_UILaunchStoryboardName = LaunchScreen;
				INFOPLIST_KEY_UISupportedInterfaceOrientations_iPad = "UIInterfaceOrientationPortrait UIInterfaceOrientationPortraitUpsideDown UIInterfaceOrientationLandscapeLeft UIInterfaceOrientationLandscapeRight";
				INFOPLIST_KEY_UISupportedInterfaceOrientations_iPhone = "UIInterfaceOrientationPortrait UIInterfaceOrientationLandscapeLeft UIInterfaceOrientationLandscapeRight";
				LD_RUNPATH_SEARCH_PATHS = (
					"$(inherited)",
					"@executable_path/Frameworks",
				);
				MARKETING_VERSION = 1.0;
				PRODUCT_BUNDLE_IDENTIFIER = com.Void.spaceInfo;
				PRODUCT_NAME = "$(TARGET_NAME)";
				SWIFT_EMIT_LOC_STRINGS = YES;
				SWIFT_VERSION = 5.0;
				TARGETED_DEVICE_FAMILY = "1,2";
			};
			name = Debug;
		};
		759F25622B094ACE001B6022 /* Release */ = {
			isa = XCBuildConfiguration;
			buildSettings = {
				ASSETCATALOG_COMPILER_APPICON_NAME = AppIcon;
				ASSETCATALOG_COMPILER_GLOBAL_ACCENT_COLOR_NAME = AccentColor;
				CODE_SIGN_STYLE = Automatic;
				CURRENT_PROJECT_VERSION = 1;
				GENERATE_INFOPLIST_FILE = YES;
				INFOPLIST_FILE = spaceInfo/Info.plist;
				INFOPLIST_KEY_UIApplicationSupportsIndirectInputEvents = YES;
				INFOPLIST_KEY_UILaunchStoryboardName = LaunchScreen;
				INFOPLIST_KEY_UISupportedInterfaceOrientations_iPad = "UIInterfaceOrientationPortrait UIInterfaceOrientationPortraitUpsideDown UIInterfaceOrientationLandscapeLeft UIInterfaceOrientationLandscapeRight";
				INFOPLIST_KEY_UISupportedInterfaceOrientations_iPhone = "UIInterfaceOrientationPortrait UIInterfaceOrientationLandscapeLeft UIInterfaceOrientationLandscapeRight";
				LD_RUNPATH_SEARCH_PATHS = (
					"$(inherited)",
					"@executable_path/Frameworks",
				);
				MARKETING_VERSION = 1.0;
				PRODUCT_BUNDLE_IDENTIFIER = com.Void.spaceInfo;
				PRODUCT_NAME = "$(TARGET_NAME)";
				SWIFT_EMIT_LOC_STRINGS = YES;
				SWIFT_VERSION = 5.0;
				TARGETED_DEVICE_FAMILY = "1,2";
			};
			name = Release;
		};
/* End XCBuildConfiguration section */

/* Begin XCConfigurationList section */
		759F25472B094ACD001B6022 /* Build configuration list for PBXProject "spaceInfo" */ = {
			isa = XCConfigurationList;
			buildConfigurations = (
				759F255E2B094ACE001B6022 /* Debug */,
				759F255F2B094ACE001B6022 /* Release */,
			);
			defaultConfigurationIsVisible = 0;
			defaultConfigurationName = Release;
		};
		759F25602B094ACE001B6022 /* Build configuration list for PBXNativeTarget "spaceInfo" */ = {
			isa = XCConfigurationList;
			buildConfigurations = (
				759F25612B094ACE001B6022 /* Debug */,
				759F25622B094ACE001B6022 /* Release */,
			);
			defaultConfigurationIsVisible = 0;
			defaultConfigurationName = Release;
		};
/* End XCConfigurationList section */

/* Begin XCLocalSwiftPackageReference section */
		7590BCD42B0A948B0098B527 /* XCLocalSwiftPackageReference "../Networking" */ = {
			isa = XCLocalSwiftPackageReference;
			relativePath = ../Networking;
		};
/* End XCLocalSwiftPackageReference section */

/* Begin XCSwiftPackageProductDependency section */
		7590BCD52B0A948B0098B527 /* Networking */ = {
			isa = XCSwiftPackageProductDependency;
			productName = Networking;
		};
/* End XCSwiftPackageProductDependency section */
	};
	rootObject = 759F25442B094ACD001B6022 /* Project object */;
}
